// !$*UTF8*$!
{
	archiveVersion = 1;
	classes = {
	};
	objectVersion = 77;
	objects = {

/* Begin PBXContainerItemProxy section */
		8FA546F42F8CF2BC00619251 /* PBXContainerItemProxy */ = {
			isa = PBXContainerItemProxy;
			containerPortal = 8FA546DE2F8CF2BA00619251 /* Project object */;
			proxyType = 1;
			remoteGlobalIDString = 8FA546E52F8CF2BA00619251;
			remoteInfo = GyozaIsland;
		};
		8FA546FE2F8CF2BC00619251 /* PBXContainerItemProxy */ = {
			isa = PBXContainerItemProxy;
			containerPortal = 8FA546DE2F8CF2BA00619251 /* Project object */;
			proxyType = 1;
			remoteGlobalIDString = 8FA546E52F8CF2BA00619251;
			remoteInfo = GyozaIsland;
		};
/* End PBXContainerItemProxy section */

/* Begin PBXFileReference section */
		8FA546E62F8CF2BA00619251 /* GyozaIsland.app */ = {isa = PBXFileReference; explicitFileType = wrapper.application; includeInIndex = 0; path = GyozaIsland.app; sourceTree = BUILT_PRODUCTS_DIR; };
		8FA546F32F8CF2BC00619251 /* GyozaIslandTests.xctest */ = {isa = PBXFileReference; explicitFileType = wrapper.cfbundle; includeInIndex = 0; path = GyozaIslandTests.xctest; sourceTree = BUILT_PRODUCTS_DIR; };
		8FA546FD2F8CF2BC00619251 /* GyozaIslandUITests.xctest */ = {isa = PBXFileReference; explicitFileType = wrapper.cfbundle; includeInIndex = 0; path = GyozaIslandUITests.xctest; sourceTree = BUILT_PRODUCTS_DIR; };
/* End PBXFileReference section */

/* Begin PBXFileSystemSynchronizedRootGroup section */
		8FA546E82F8CF2BA00619251 /* GyozaIsland */ = {
			isa = PBXFileSystemSynchronizedRootGroup;
			path = GyozaIsland;
			sourceTree = "<group>";
		};
		8FA546F62F8CF2BC00619251 /* GyozaIslandTests */ = {
			isa = PBXFileSystemSynchronizedRootGroup;
			path = GyozaIslandTests;
			sourceTree = "<group>";
		};
		8FA547002F8CF2BC00619251 /* GyozaIslandUITests */ = {
			isa = PBXFileSystemSynchronizedRootGroup;
			path = GyozaIslandUITests;
			sourceTree = "<group>";
		};
/* End PBXFileSystemSynchronizedRootGroup section */

/* Begin PBXFrameworksBuildPhase section */
		8FA546E32F8CF2BA00619251 /* Frameworks */ = {
			isa = PBXFrameworksBuildPhase;
			buildActionMask = 2147483647;
			files = (
			);
			runOnlyForDeploymentPostprocessing = 0;
		};
		8FA546F02F8CF2BC00619251 /* Frameworks */ = {
			isa = PBXFrameworksBuildPhase;
			buildActionMask = 2147483647;
			files = (
			);
			runOnlyForDeploymentPostprocessing = 0;
		};
		8FA546FA2F8CF2BC00619251 /* Frameworks */ = {
			isa = PBXFrameworksBuildPhase;
			buildActionMask = 2147483647;
			files = (
			);
			runOnlyForDeploymentPostprocessing = 0;
		};
/* End PBXFrameworksBuildPhase section */

/* Begin PBXGroup section */
		8FA546DD2F8CF2BA00619251 = {
			isa = PBXGroup;
			children = (
				8FA546E82F8CF2BA00619251 /* GyozaIsland */,
				8FA546F62F8CF2BC00619251 /* GyozaIslandTests */,
				8FA547002F8CF2BC00619251 /* GyozaIslandUITests */,
				8FA546E72F8CF2BA00619251 /* Products */,
			);
			sourceTree = "<group>";
		};
		8FA546E72F8CF2BA00619251 /* Products */ = {
			isa = PBXGroup;
			children = (
				8FA546E62F8CF2BA00619251 /* GyozaIsland.app */,
				8FA546F32F8CF2BC00619251 /* GyozaIslandTests.xctest */,
				8FA546FD2F8CF2BC00619251 /* GyozaIslandUITests.xctest */,
			);
			name = Products;
			sourceTree = "<group>";
		};
/* End PBXGroup section */

/* Begin PBXNativeTarget section */
		8FA546E52F8CF2BA00619251 /* GyozaIsland */ = {
			isa = PBXNativeTarget;
			buildConfigurationList = 8FA547072F8CF2BC00619251 /* Build configuration list for PBXNativeTarget "GyozaIsland" */;
			buildPhases = (
				8FA546E22F8CF2BA00619251 /* Sources */,
				8FA546E32F8CF2BA00619251 /* Frameworks */,
				8FA546E42F8CF2BA00619251 /* Resources */,
			);
			buildRules = (
			);
			dependencies = (
			);
			fileSystemSynchronizedGroups = (
				8FA546E82F8CF2BA00619251 /* GyozaIsland */,
			);
			name = GyozaIsland;
			packageProductDependencies = (
			);
			productName = GyozaIsland;
			productReference = 8FA546E62F8CF2BA00619251 /* GyozaIsland.app */;
			productType = "com.apple.product-type.application";
		};
		8FA546F22F8CF2BC00619251 /* GyozaIslandTests */ = {
			isa = PBXNativeTarget;
			buildConfigurationList = 8FA5470A2F8CF2BC00619251 /* Build configuration list for PBXNativeTarget "GyozaIslandTests" */;
			buildPhases = (
				8FA546EF2F8CF2BC00619251 /* Sources */,
				8FA546F02F8CF2BC00619251 /* Frameworks */,
				8FA546F12F8CF2BC00619251 /* Resources */,
			);
			buildRules = (
			);
			dependencies = (
				8FA546F52F8CF2BC00619251 /* PBXTargetDependency */,
			);
			fileSystemSynchronizedGroups = (
				8FA546F62F8CF2BC00619251 /* GyozaIslandTests */,
			);
			name = GyozaIslandTests;
			packageProductDependencies = (
			);
			productName = GyozaIslandTests;
			productReference = 8FA546F32F8CF2BC00619251 /* GyozaIslandTests.xctest */;
			productType = "com.apple.product-type.bundle.unit-test";
		};
		8FA546FC2F8CF2BC00619251 /* GyozaIslandUITests */ = {
			isa = PBXNativeTarget;
			buildConfigurationList = 8FA5470D2F8CF2BC00619251 /* Build configuration list for PBXNativeTarget "GyozaIslandUITests" */;
			buildPhases = (
				8FA546F92F8CF2BC00619251 /* Sources */,
				8FA546FA2F8CF2BC00619251 /* Frameworks */,
				8FA546FB2F8CF2BC00619251 /* Resources */,
			);
			buildRules = (
			);
			dependencies = (
				8FA546FF2F8CF2BC00619251 /* PBXTargetDependency */,
			);
			fileSystemSynchronizedGroups = (
				8FA547002F8CF2BC00619251 /* GyozaIslandUITests */,
			);
			name = GyozaIslandUITests;
			packageProductDependencies = (
			);
			productName = GyozaIslandUITests;
			productReference = 8FA546FD2F8CF2BC00619251 /* GyozaIslandUITests.xctest */;
			productType = "com.apple.product-type.bundle.ui-testing";
		};
/* End PBXNativeTarget section */

/* Begin PBXProject section */
		8FA546DE2F8CF2BA00619251 /* Project object */ = {
			isa = PBXProject;
			attributes = {
				BuildIndependentTargetsInParallel = 1;
				LastSwiftUpdateCheck = 2620;
				LastUpgradeCheck = 2620;
				TargetAttributes = {
					8FA546E52F8CF2BA00619251 = {
						CreatedOnToolsVersion = 26.2;
					};
					8FA546F22F8CF2BC00619251 = {
						CreatedOnToolsVersion = 26.2;
						TestTargetID = 8FA546E52F8CF2BA00619251;
					};
					8FA546FC2F8CF2BC00619251 = {
						CreatedOnToolsVersion = 26.2;
						TestTargetID = 8FA546E52F8CF2BA00619251;
					};
				};
			};
			buildConfigurationList = 8FA546E12F8CF2BA00619251 /* Build configuration list for PBXProject "GyozaIsland" */;
			developmentRegion = en;
			hasScannedForEncodings = 0;
			knownRegions = (
				en,
				Base,
			);
			mainGroup = 8FA546DD2F8CF2BA00619251;
			minimizedProjectReferenceProxies = 1;
			preferredProjectObjectVersion = 77;
			productRefGroup = 8FA546E72F8CF2BA00619251 /* Products */;
			projectDirPath = "";
			projectRoot = "";
			targets = (
				8FA546E52F8CF2BA00619251 /* GyozaIsland */,
				8FA546F22F8CF2BC00619251 /* GyozaIslandTests */,
				8FA546FC2F8CF2BC00619251 /* GyozaIslandUITests */,
			);
		};
/* End PBXProject section */

/* Begin PBXResourcesBuildPhase section */
		8FA546E42F8CF2BA00619251 /* Resources */ = {
			isa = PBXResourcesBuildPhase;
			buildActionMask = 2147483647;
			files = (
			);
			runOnlyForDeploymentPostprocessing = 0;
		};
		8FA546F12F8CF2BC00619251 /* Resources */ = {
			isa = PBXResourcesBuildPhase;
			buildActionMask = 2147483647;
			files = (
			);
			runOnlyForDeploymentPostprocessing = 0;
		};
		8FA546FB2F8CF2BC00619251 /* Resources */ = {
			isa = PBXResourcesBuildPhase;
			buildActionMask = 2147483647;
			files = (
			);
			runOnlyForDeploymentPostprocessing = 0;
		};
/* End PBXResourcesBuildPhase section */

/* Begin PBXSourcesBuildPhase section */
		8FA546E22F8CF2BA00619251 /* Sources */ = {
			isa = PBXSourcesBuildPhase;
			buildActionMask = 2147483647;
			files = (
			);
			runOnlyForDeploymentPostprocessing = 0;
		};
		8FA546EF2F8CF2BC00619251 /* Sources */ = {
			isa = PBXSourcesBuildPhase;
			buildActionMask = 2147483647;
			files = (
			);
			runOnlyForDeploymentPostprocessing = 0;
		};
		8FA546F92F8CF2BC00619251 /* Sources */ = {
			isa = PBXSourcesBuildPhase;
			buildActionMask = 2147483647;
			files = (
			);
			runOnlyForDeploymentPostprocessing = 0;
		};
/* End PBXSourcesBuildPhase section */

/* Begin PBXTargetDependency section */
		8FA546F52F8CF2BC00619251 /* PBXTargetDependency */ = {
			isa = PBXTargetDependency;
			target = 8FA546E52F8CF2BA00619251 /* GyozaIsland */;
			targetProxy = 8FA546F42F8CF2BC00619251 /* PBXContainerItemProxy */;
		};
		8FA546FF2F8CF2BC00619251 /* PBXTargetDependency */ = {
			isa = PBXTargetDependency;
			target = 8FA546E52F8CF2BA00619251 /* GyozaIsland */;
			targetProxy = 8FA546FE2F8CF2BC00619251 /* PBXContainerItemProxy */;
		};
/* End PBXTargetDependency section */

/* Begin XCBuildConfiguration section */
		8FA547052F8CF2BC00619251 /* Debug */ = {
			isa = XCBuildConfiguration;
			buildSettings = {
				ALWAYS_SEARCH_USER_PATHS = NO;
				ASSETCATALOG_COMPILER_GENERATE_SWIFT_ASSET_SYMBOL_EXTENSIONS = YES;
				CLANG_ANALYZER_NONNULL = YES;
				CLANG_ANALYZER_NUMBER_OBJECT_CONVERSION = YES_AGGRESSIVE;
				CLANG_CXX_LANGUAGE_STANDARD = "gnu++20";
				CLANG_ENABLE_MODULES = YES;
				CLANG_ENABLE_OBJC_ARC = YES;
				CLANG_ENABLE_OBJC_WEAK = YES;
				CLANG_WARN_BLOCK_CAPTURE_AUTORELEASING = YES;
				CLANG_WARN_BOOL_CONVERSION = YES;
				CLANG_WARN_COMMA = YES;
				CLANG_WARN_CONSTANT_CONVERSION = YES;
				CLANG_WARN_DEPRECATED_OBJC_IMPLEMENTATIONS = YES;
				CLANG_WARN_DIRECT_OBJC_ISA_USAGE = YES_ERROR;
				CLANG_WARN_DOCUMENTATION_COMMENTS = YES;
				CLANG_WARN_EMPTY_BODY = YES;
				CLANG_WARN_ENUM_CONVERSION = YES;
				CLANG_WARN_INFINITE_RECURSION = YES;
				CLANG_WARN_INT_CONVERSION = YES;
				CLANG_WARN_NON_LITERAL_NULL_CONVERSION = YES;
				CLANG_WARN_OBJC_IMPLICIT_RETAIN_SELF = YES;
				CLANG_WARN_OBJC_LITERAL_CONVERSION = YES;
				CLANG_WARN_OBJC_ROOT_CLASS = YES_ERROR;
				CLANG_WARN_QUOTED_INCLUDE_IN_FRAMEWORK_HEADER = YES;
				CLANG_WARN_RANGE_LOOP_ANALYSIS = YES;
				CLANG_WARN_STRICT_PROTOTYPES = YES;
				CLANG_WARN_SUSPICIOUS_MOVE = YES;
				CLANG_WARN_UNGUARDED_AVAILABILITY = YES_AGGRESSIVE;
				CLANG_WARN_UNREACHABLE_CODE = YES;
				CLANG_WARN__DUPLICATE_METHOD_MATCH = YES;
				COPY_PHASE_STRIP = NO;
				DEBUG_INFORMATION_FORMAT = dwarf;
				DEVELOPMENT_TEAM = 98646JU3YJ;
				ENABLE_STRICT_OBJC_MSGSEND = YES;
				ENABLE_TESTABILITY = YES;
				ENABLE_USER_SCRIPT_SANDBOXING = YES;
				GCC_C_LANGUAGE_STANDARD = gnu17;
				GCC_DYNAMIC_NO_PIC = NO;
				GCC_NO_COMMON_BLOCKS = YES;
				GCC_OPTIMIZATION_LEVEL = 0;
				GCC_PREPROCESSOR_DEFINITIONS = (
					"DEBUG=1",
					"$(inherited)",
				);
				GCC_WARN_64_TO_32_BIT_CONVERSION = YES;
				GCC_WARN_ABOUT_RETURN_TYPE = YES_ERROR;
				GCC_WARN_UNDECLARED_SELECTOR = YES;
				GCC_WARN_UNINITIALIZED_AUTOS = YES_AGGRESSIVE;
				GCC_WARN_UNUSED_FUNCTION = YES;
				GCC_WARN_UNUSED_VARIABLE = YES;
				LOCALIZATION_PREFERS_STRING_CATALOGS = YES;
				MACOSX_DEPLOYMENT_TARGET = 15.6;
				MTL_ENABLE_DEBUG_INFO = INCLUDE_SOURCE;
				MTL_FAST_MATH = YES;
				ONLY_ACTIVE_ARCH = YES;
				SDKROOT = macosx;
				SWIFT_ACTIVE_COMPILATION_CONDITIONS = "DEBUG $(inherited)";
				SWIFT_OPTIMIZATION_LEVEL = "-Onone";
			};
			name = Debug;
		};
		8FA547062F8CF2BC00619251 /* Release */ = {
			isa = XCBuildConfiguration;
			buildSettings = {
				ALWAYS_SEARCH_USER_PATHS = NO;
				ASSETCATALOG_COMPILER_GENERATE_SWIFT_ASSET_SYMBOL_EXTENSIONS = YES;
				CLANG_ANALYZER_NONNULL = YES;
				CLANG_ANALYZER_NUMBER_OBJECT_CONVERSION = YES_AGGRESSIVE;
				CLANG_CXX_LANGUAGE_STANDARD = "gnu++20";
				CLANG_ENABLE_MODULES = YES;
				CLANG_ENABLE_OBJC_ARC = YES;
				CLANG_ENABLE_OBJC_WEAK = YES;
				CLANG_WARN_BLOCK_CAPTURE_AUTORELEASING = YES;
				CLANG_WARN_BOOL_CONVERSION = YES;
				CLANG_WARN_COMMA = YES;
				CLANG_WARN_CONSTANT_CONVERSION = YES;
				CLANG_WARN_DEPRECATED_OBJC_IMPLEMENTATIONS = YES;
				CLANG_WARN_DIRECT_OBJC_ISA_USAGE = YES_ERROR;
				CLANG_WARN_DOCUMENTATION_COMMENTS = YES;
				CLANG_WARN_EMPTY_BODY = YES;
				CLANG_WARN_ENUM_CONVERSION = YES;
				CLANG_WARN_INFINITE_RECURSION = YES;
				CLANG_WARN_INT_CONVERSION = YES;
				CLANG_WARN_NON_LITERAL_NULL_CONVERSION = YES;
				CLANG_WARN_OBJC_IMPLICIT_RETAIN_SELF = YES;
				CLANG_WARN_OBJC_LITERAL_CONVERSION = YES;
				CLANG_WARN_OBJC_ROOT_CLASS = YES_ERROR;
				CLANG_WARN_QUOTED_INCLUDE_IN_FRAMEWORK_HEADER = YES;
				CLANG_WARN_RANGE_LOOP_ANALYSIS = YES;
				CLANG_WARN_STRICT_PROTOTYPES = YES;
				CLANG_WARN_SUSPICIOUS_MOVE = YES;
				CLANG_WARN_UNGUARDED_AVAILABILITY = YES_AGGRESSIVE;
				CLANG_WARN_UNREACHABLE_CODE = YES;
				CLANG_WARN__DUPLICATE_METHOD_MATCH = YES;
				COPY_PHASE_STRIP = NO;
				DEBUG_INFORMATION_FORMAT = "dwarf-with-dsym";
				DEVELOPMENT_TEAM = 98646JU3YJ;
				ENABLE_NS_ASSERTIONS = NO;
				ENABLE_STRICT_OBJC_MSGSEND = YES;
				ENABLE_USER_SCRIPT_SANDBOXING = YES;
				GCC_C_LANGUAGE_STANDARD = gnu17;
				GCC_NO_COMMON_BLOCKS = YES;
				GCC_WARN_64_TO_32_BIT_CONVERSION = YES;
				GCC_WARN_ABOUT_RETURN_TYPE = YES_ERROR;
				GCC_WARN_UNDECLARED_SELECTOR = YES;
				GCC_WARN_UNINITIALIZED_AUTOS = YES_AGGRESSIVE;
				GCC_WARN_UNUSED_FUNCTION = YES;
				GCC_WARN_UNUSED_VARIABLE = YES;
				LOCALIZATION_PREFERS_STRING_CATALOGS = YES;
				MACOSX_DEPLOYMENT_TARGET = 15.6;
				MTL_ENABLE_DEBUG_INFO = NO;
				MTL_FAST_MATH = YES;
				SDKROOT = macosx;
				SWIFT_COMPILATION_MODE = wholemodule;
			};
			name = Release;
		};
		8FA547082F8CF2BC00619251 /* Debug */ = {
			isa = XCBuildConfiguration;
			buildSettings = {
				ASSETCATALOG_COMPILER_APPICON_NAME = AppIcon;
				ASSETCATALOG_COMPILER_GLOBAL_ACCENT_COLOR_NAME = AccentColor;
				CODE_SIGN_ENTITLEMENTS = GyozaIsland/GyozaIsland.entitlements;
				CODE_SIGN_STYLE = Automatic;
				COMBINE_HIDPI_IMAGES = YES;
				CURRENT_PROJECT_VERSION = 1;
				DEVELOPMENT_TEAM = 98646JU3YJ;
				ENABLE_APP_SANDBOX = YES;
				ENABLE_HARDENED_RUNTIME = YES;
				ENABLE_PREVIEWS = YES;
				ENABLE_USER_SELECTED_FILES = readonly;
				GENERATE_INFOPLIST_FILE = YES;
				INFOPLIST_KEY_NSAppleEventsUsageDescription = "GyozaIsland needs access to Music to show the current track and control playback.";
				INFOPLIST_KEY_NSHumanReadableCopyright = "";
				LD_RUNPATH_SEARCH_PATHS = (
					"$(inherited)",
					"@executable_path/../Frameworks",
				);
				MARKETING_VERSION = 1.0;
				PRODUCT_BUNDLE_IDENTIFIER = com.gyoza.GyozaIsland;
				PRODUCT_NAME = "$(TARGET_NAME)";
				REGISTER_APP_GROUPS = YES;
				STRING_CATALOG_GENERATE_SYMBOLS = YES;
				SWIFT_APPROACHABLE_CONCURRENCY = YES;
				SWIFT_DEFAULT_ACTOR_ISOLATION = MainActor;
				SWIFT_EMIT_LOC_STRINGS = YES;
				SWIFT_UPCOMING_FEATURE_MEMBER_IMPORT_VISIBILITY = YES;
				SWIFT_VERSION = 5.0;
			};
			name = Debug;
		};
		8FA547092F8CF2BC00619251 /* Release */ = {
			isa = XCBuildConfiguration;
			buildSettings = {
				ASSETCATALOG_COMPILER_APPICON_NAME = AppIcon;
				ASSETCATALOG_COMPILER_GLOBAL_ACCENT_COLOR_NAME = AccentColor;
				CODE_SIGN_ENTITLEMENTS = GyozaIsland/GyozaIsland.entitlements;
				CODE_SIGN_STYLE = Automatic;
				COMBINE_HIDPI_IMAGES = YES;
				CURRENT_PROJECT_VERSION = 1;
				DEVELOPMENT_TEAM = 98646JU3YJ;
				ENABLE_APP_SANDBOX = YES;
				ENABLE_HARDENED_RUNTIME = YES;
				ENABLE_PREVIEWS = YES;
				ENABLE_USER_SELECTED_FILES = readonly;
				GENERATE_INFOPLIST_FILE = YES;
				INFOPLIST_KEY_NSAppleEventsUsageDescription = "GyozaIsland needs access to Music to show the current track and control playback.";
				INFOPLIST_KEY_NSHumanReadableCopyright = "";
				LD_RUNPATH_SEARCH_PATHS = (
					"$(inherited)",
					"@executable_path/../Frameworks",
				);
				MARKETING_VERSION = 1.0;
				PRODUCT_BUNDLE_IDENTIFIER = com.gyoza.GyozaIsland;
				PRODUCT_NAME = "$(TARGET_NAME)";
				REGISTER_APP_GROUPS = YES;
				STRING_CATALOG_GENERATE_SYMBOLS = YES;
				SWIFT_APPROACHABLE_CONCURRENCY = YES;
				SWIFT_DEFAULT_ACTOR_ISOLATION = MainActor;
				SWIFT_EMIT_LOC_STRINGS = YES;
				SWIFT_UPCOMING_FEATURE_MEMBER_IMPORT_VISIBILITY = YES;
				SWIFT_VERSION = 5.0;
			};
			name = Release;
		};
		8FA5470B2F8CF2BC00619251 /* Debug */ = {
			isa = XCBuildConfiguration;
			buildSettings = {
				BUNDLE_LOADER = "$(TEST_HOST)";
				CODE_SIGN_STYLE = Automatic;
				CURRENT_PROJECT_VERSION = 1;
				DEVELOPMENT_TEAM = 98646JU3YJ;
				GENERATE_INFOPLIST_FILE = YES;
				MACOSX_DEPLOYMENT_TARGET = 15.6;
				MARKETING_VERSION = 1.0;
				PRODUCT_BUNDLE_IDENTIFIER = com.gyoza.GyozaIslandTests;
				PRODUCT_NAME = "$(TARGET_NAME)";
				STRING_CATALOG_GENERATE_SYMBOLS = NO;
				SWIFT_APPROACHABLE_CONCURRENCY = YES;
				SWIFT_EMIT_LOC_STRINGS = NO;
				SWIFT_UPCOMING_FEATURE_MEMBER_IMPORT_VISIBILITY = YES;
				SWIFT_VERSION = 5.0;
				TEST_HOST = "$(BUILT_PRODUCTS_DIR)/GyozaIsland.app/$(BUNDLE_EXECUTABLE_FOLDER_PATH)/GyozaIsland";
			};
			name = Debug;
		};
		8FA5470C2F8CF2BC00619251 /* Release */ = {
			isa = XCBuildConfiguration;
			buildSettings = {
				BUNDLE_LOADER = "$(TEST_HOST)";
				CODE_SIGN_STYLE = Automatic;
				CURRENT_PROJECT_VERSION = 1;
				DEVELOPMENT_TEAM = 98646JU3YJ;
				GENERATE_INFOPLIST_FILE = YES;
				MACOSX_DEPLOYMENT_TARGET = 15.6;
				MARKETING_VERSION = 1.0;
				PRODUCT_BUNDLE_IDENTIFIER = com.gyoza.GyozaIslandTests;
				PRODUCT_NAME = "$(TARGET_NAME)";
				STRING_CATALOG_GENERATE_SYMBOLS = NO;
				SWIFT_APPROACHABLE_CONCURRENCY = YES;
				SWIFT_EMIT_LOC_STRINGS = NO;
				SWIFT_UPCOMING_FEATURE_MEMBER_IMPORT_VISIBILITY = YES;
				SWIFT_VERSION = 5.0;
				TEST_HOST = "$(BUILT_PRODUCTS_DIR)/GyozaIsland.app/$(BUNDLE_EXECUTABLE_FOLDER_PATH)/GyozaIsland";
			};
			name = Release;
		};
		8FA5470E2F8CF2BC00619251 /* Debug */ = {
			isa = XCBuildConfiguration;
			buildSettings = {
				CODE_SIGN_STYLE = Automatic;
				CURRENT_PROJECT_VERSION = 1;
				DEVELOPMENT_TEAM = 98646JU3YJ;
				GENERATE_INFOPLIST_FILE = YES;
				MARKETING_VERSION = 1.0;
				PRODUCT_BUNDLE_IDENTIFIER = com.gyoza.GyozaIslandUITests;
				PRODUCT_NAME = "$(TARGET_NAME)";
				STRING_CATALOG_GENERATE_SYMBOLS = NO;
				SWIFT_APPROACHABLE_CONCURRENCY = YES;
				SWIFT_EMIT_LOC_STRINGS = NO;
				SWIFT_UPCOMING_FEATURE_MEMBER_IMPORT_VISIBILITY = YES;
				SWIFT_VERSION = 5.0;
				TEST_TARGET_NAME = GyozaIsland;
			};
			name = Debug;
		};
		8FA5470F2F8CF2BC00619251 /* Release */ = {
			isa = XCBuildConfiguration;
			buildSettings = {
				CODE_SIGN_STYLE = Automatic;
				CURRENT_PROJECT_VERSION = 1;
				DEVELOPMENT_TEAM = 98646JU3YJ;
				GENERATE_INFOPLIST_FILE = YES;
				MARKETING_VERSION = 1.0;
				PRODUCT_BUNDLE_IDENTIFIER = com.gyoza.GyozaIslandUITests;
				PRODUCT_NAME = "$(TARGET_NAME)";
				STRING_CATALOG_GENERATE_SYMBOLS = NO;
				SWIFT_APPROACHABLE_CONCURRENCY = YES;
				SWIFT_EMIT_LOC_STRINGS = NO;
				SWIFT_UPCOMING_FEATURE_MEMBER_IMPORT_VISIBILITY = YES;
				SWIFT_VERSION = 5.0;
				TEST_TARGET_NAME = GyozaIsland;
			};
			name = Release;
		};
/* End XCBuildConfiguration section */

/* Begin XCConfigurationList section */
		8FA546E12F8CF2BA00619251 /* Build configuration list for PBXProject "GyozaIsland" */ = {
			isa = XCConfigurationList;
			buildConfigurations = (
				8FA547052F8CF2BC00619251 /* Debug */,
				8FA547062F8CF2BC00619251 /* Release */,
			);
			defaultConfigurationIsVisible = 0;
			defaultConfigurationName = Release;
		};
		8FA547072F8CF2BC00619251 /* Build configuration list for PBXNativeTarget "GyozaIsland" */ = {
			isa = XCConfigurationList;
			buildConfigurations = (
				8FA547082F8CF2BC00619251 /* Debug */,
				8FA547092F8CF2BC00619251 /* Release */,
			);
			defaultConfigurationIsVisible = 0;
			defaultConfigurationName = Release;
		};
		8FA5470A2F8CF2BC00619251 /* Build configuration list for PBXNativeTarget "GyozaIslandTests" */ = {
			isa = XCConfigurationList;
			buildConfigurations = (
				8FA5470B2F8CF2BC00619251 /* Debug */,
				8FA5470C2F8CF2BC00619251 /* Release */,
			);
			defaultConfigurationIsVisible = 0;
			defaultConfigurationName = Release;
		};
		8FA5470D2F8CF2BC00619251 /* Build configuration list for PBXNativeTarget "GyozaIslandUITests" */ = {
			isa = XCConfigurationList;
			buildConfigurations = (
				8FA5470E2F8CF2BC00619251 /* Debug */,
				8FA5470F2F8CF2BC00619251 /* Release */,
			);
			defaultConfigurationIsVisible = 0;
			defaultConfigurationName = Release;
		};
/* End XCConfigurationList section */
	};
	rootObject = 8FA546DE2F8CF2BA00619251 /* Project object */;
}
